
Microsoft Visual Studio Solution File, Format Version 12.00
# Visual Studio 14
VisualStudioVersion = 14.0.23107.0
MinimumVisualStudioVersion = 10.0.40219.1
Project("{FAE04EC0-301F-11D3-BF4B-00C04F79EFBC}") = "Todo_WebService", "Todo_WebService\Todo_WebService.csproj", "{0DD81A0C-C889-4E53-8532-CC1571EE049B}"
EndProject
Project("{FAE04EC0-301F-11D3-BF4B-00C04F79EFBC}") = "Todo_Class", "Todo_Class\Todo_Class.csproj", "{C677B352-B7AC-405C-9AC0-A34B5923CF4C}"
EndProject
Project("{FAE04EC0-301F-11D3-BF4B-00C04F79EFBC}") = "Todo_DB", "Todo_DB\Todo_DB.csproj", "{D5D3C457-22E9-4026-832C-C98629146D5E}"
EndProject
Project("{FAE04EC0-301F-11D3-BF4B-00C04F79EFBC}") = "Todo_Host", "Todo_Console\Todo_Host.csproj", "{640015C2-6212-48DF-9361-CC208E181591}"
EndProject
Project("{FAE04EC0-301F-11D3-BF4B-00C04F79EFBC}") = "Todo_Client", "Todo_Client\Todo_Client.csproj", "{489412A9-CA03-4568-84E7-14C7892E055C}"
EndProject
Project("{FAE04EC0-301F-11D3-BF4B-00C04F79EFBC}") = "CliTodo", "kladd\CliTodo\CliTodo.csproj", "{E1FE9911-848A-47D1-AECD-B3EE26CDEE2A}"
EndProject
Global
	GlobalSection(SolutionConfigurationPlatforms) = preSolution
		Debug|Any CPU = Debug|Any CPU
		Release|Any CPU = Release|Any CPU
	EndGlobalSection
	GlobalSection(ProjectConfigurationPlatforms) = postSolution
		{0DD81A0C-C889-4E53-8532-CC1571EE049B}.Debug|Any CPU.ActiveCfg = Debug|Any CPU
		{0DD81A0C-C889-4E53-8532-CC1571EE049B}.Debug|Any CPU.Build.0 = Debug|Any CPU
		{0DD81A0C-C889-4E53-8532-CC1571EE049B}.Release|Any CPU.ActiveCfg = Release|Any CPU
		{0DD81A0C-C889-4E53-8532-CC1571EE049B}.Release|Any CPU.Build.0 = Release|Any CPU
		{C677B352-B7AC-405C-9AC0-A34B5923CF4C}.Debug|Any CPU.ActiveCfg = Debug|Any CPU
		{C677B352-B7AC-405C-9AC0-A34B5923CF4C}.Debug|Any CPU.Build.0 = Debug|Any CPU
		{C677B352-B7AC-405C-9AC0-A34B5923CF4C}.Release|Any CPU.ActiveCfg = Release|Any CPU
		{C677B352-B7AC-405C-9AC0-A34B5923CF4C}.Release|Any CPU.Build.0 = Release|Any CPU
		{D5D3C457-22E9-4026-832C-C98629146D5E}.Debug|Any CPU.ActiveCfg = Debug|Any CPU
		{D5D3C457-22E9-4026-832C-C98629146D5E}.Debug|Any CPU.Build.0 = Debug|Any CPU
		{D5D3C457-22E9-4026-832C-C98629146D5E}.Release|Any CPU.ActiveCfg = Release|Any CPU
		{D5D3C457-22E9-4026-832C-C98629146D5E}.Release|Any CPU.Build.0 = Release|Any CPU
		{640015C2-6212-48DF-9361-CC208E181591}.Debug|Any CPU.ActiveCfg = Debug|Any CPU
		{640015C2-6212-48DF-9361-CC208E181591}.Debug|Any CPU.Build.0 = Debug|Any CPU
		{640015C2-6212-48DF-9361-CC208E181591}.Release|Any CPU.ActiveCfg = Release|Any CPU
		{640015C2-6212-48DF-9361-CC208E181591}.Release|Any CPU.Build.0 = Release|Any CPU
		{489412A9-CA03-4568-84E7-14C7892E055C}.Debug|Any CPU.ActiveCfg = Debug|Any CPU
		{489412A9-CA03-4568-84E7-14C7892E055C}.Debug|Any CPU.Build.0 = Debug|Any CPU
		{489412A9-CA03-4568-84E7-14C7892E055C}.Release|Any CPU.ActiveCfg = Release|Any CPU
		{489412A9-CA03-4568-84E7-14C7892E055C}.Release|Any CPU.Build.0 = Release|Any CPU
		{E1FE9911-848A-47D1-AECD-B3EE26CDEE2A}.Debug|Any CPU.ActiveCfg = Debug|Any CPU
		{E1FE9911-848A-47D1-AECD-B3EE26CDEE2A}.Debug|Any CPU.Build.0 = Debug|Any CPU
		{E1FE9911-848A-47D1-AECD-B3EE26CDEE2A}.Release|Any CPU.ActiveCfg = Release|Any CPU
		{E1FE9911-848A-47D1-AECD-B3EE26CDEE2A}.Release|Any CPU.Build.0 = Release|Any CPU
	EndGlobalSection
	GlobalSection(SolutionProperties) = preSolution
		HideSolutionNode = FALSE
	EndGlobalSection
EndGlobal
